{
  "originHash" : "f3794cc871c9a1f415ca1f607f105e56f2e9dd332b5ba1ae50b7505ea261f64a",
  "pins" : [
    {
      "identity" : "blake2.swift",
      "kind" : "remoteSourceControl",
      "location" : "https://github.com/tesseract-one/Blake2.swift.git",
      "state" : {
        "revision" : "29c55c8fe42d6661e5a32cc5bbbad1fff64fd01e",
        "version" : "0.2.0"
      }
    },
    {
      "identity" : "lrucache",
      "kind" : "remoteSourceControl",
      "location" : "https://github.com/qiweiii/LRUCache.git",
      "state" : {
        "branch" : "no-notification",
        "revision" : "84e4d3a71f66dbdf2e480a56744e5afaf0bf74dd"
      }
    },
    {
      "identity" : "swift-crypto",
      "kind" : "remoteSourceControl",
      "location" : "https://github.com/apple/swift-crypto.git",
      "state" : {
        "revision" : "46072478ca365fe48370993833cb22de9b41567f",
        "version" : "3.5.2"
      }
    },
    {
      "identity" : "swift-log",
      "kind" : "remoteSourceControl",
      "location" : "https://github.com/apple/swift-log.git",
      "state" : {
        "revision" : "9cb486020ebf03bfa5b5df985387a14a98744537",
        "version" : "1.6.1"
      }
    },
    {
      "identity" : "swift-numerics",
      "kind" : "remoteSourceControl",
      "location" : "https://github.com/qiweiii/swift-numerics.git",
      "state" : {
        "branch" : "wasm-fix",
        "revision" : "13c8553a4845302fc41d942c7b86af05ed550d21"
      }
    },
    {
      "identity" : "swift-syntax",
      "kind" : "remoteSourceControl",
      "location" : "https://github.com/apple/swift-syntax.git",
      "state" : {
        "revision" : "4c6cc0a3b9e8f14b3ae2307c5ccae4de6167ac2c",
        "version" : "600.0.0-prerelease-2024-06-12"
      }
    },
    {
      "identity" : "swift-testing",
      "kind" : "remoteSourceControl",
      "location" : "https://github.com/apple/swift-testing.git",
      "state" : {
        "branch" : "0.10.0",
        "revision" : "69d59cfc76e5daf498ca61f5af409f594768eef9"
      }
    }
  ],
  "version" : 3
}
