{
  "originHash" : "7cab6fed6c5c107962567002011b0a3ce5d080f59276ebb85114792f995fe749",
  "pins" : [
    {
      "identity" : "blake2.swift",
      "kind" : "remoteSourceControl",
      "location" : "https://github.com/tesseract-one/Blake2.swift.git",
      "state" : {
        "revision" : "29c55c8fe42d6661e5a32cc5bbbad1fff64fd01e",
        "version" : "0.2.0"
      }
    },
    {
      "identity" : "swift-atomics",
      "kind" : "remoteSourceControl",
      "location" : "https://github.com/apple/swift-atomics.git",
      "state" : {
        "revision" : "cd142fd2f64be2100422d658e7411e39489da985",
        "version" : "1.2.0"
      }
    },
    {
      "identity" : "swift-crypto",
      "kind" : "remoteSourceControl",
      "location" : "https://github.com/apple/swift-crypto.git",
      "state" : {
        "revision" : "9f95b4d033a4edd3814b48608db3f2ca90c7218b",
        "version" : "3.7.0"
      }
    },
    {
      "identity" : "swift-distributed-tracing",
      "kind" : "remoteSourceControl",
      "location" : "https://github.com/apple/swift-distributed-tracing.git",
      "state" : {
        "revision" : "11c756c5c4d7de0eeed8595695cadd7fa107aa19",
        "version" : "1.1.1"
      }
    },
    {
      "identity" : "swift-log",
      "kind" : "remoteSourceControl",
      "location" : "https://github.com/apple/swift-log.git",
      "state" : {
        "revision" : "9cb486020ebf03bfa5b5df985387a14a98744537",
        "version" : "1.6.1"
      }
    },
    {
      "identity" : "swift-metrics",
      "kind" : "remoteSourceControl",
      "location" : "https://github.com/apple/swift-metrics.git",
      "state" : {
        "revision" : "e0165b53d49b413dd987526b641e05e246782685",
        "version" : "2.5.0"
      }
    },
    {
      "identity" : "swift-numerics",
      "kind" : "remoteSourceControl",
      "location" : "https://github.com/apple/swift-numerics.git",
      "state" : {
        "branch" : "main",
        "revision" : "e30276bff2ff5ed80566fbdca49f50aa160b0e83"
      }
    },
    {
      "identity" : "swift-service-context",
      "kind" : "remoteSourceControl",
      "location" : "https://github.com/apple/swift-service-context.git",
      "state" : {
        "revision" : "0c62c5b4601d6c125050b5c3a97f20cce881d32b",
        "version" : "1.1.0"
      }
    }
  ],
  "version" : 3
}
