// !$*UTF8*$!
{
	archiveVersion = 1;
	classes = {
	};
	objectVersion = 73;
	objects = {

/* Begin PBXFileReference section */
		063EC59D2C33954600BF1550 /* JAMTests */ = {isa = PBXFileReference; lastKnownFileType = wrapper; path = JAMTests; sourceTree = "<group>"; };
		064D330E2C632ACC001A5F36 /* RPC */ = {isa = PBXFileReference; lastKnownFileType = wrapper; path = RPC; sourceTree = "<group>"; };
		066C926E2C095D67005DDE4F /* Boka */ = {isa = PBXFileReference; lastKnownFileType = wrapper; path = Boka; sourceTree = "<group>"; };
		066C926F2C095D76005DDE4F /* Blockchain */ = {isa = PBXFileReference; lastKnownFileType = wrapper; path = Blockchain; sourceTree = "<group>"; };
		066C92702C095D85005DDE4F /* Node */ = {isa = PBXFileReference; lastKnownFileType = wrapper; path = Node; sourceTree = "<group>"; };
		0674602A2C61BF63008FD993 /* TracingUtils */ = {isa = PBXFileReference; lastKnownFileType = wrapper; path = TracingUtils; sourceTree = "<group>"; };
		06AAEF0C2C47746C0064995D /* PolkaVM */ = {isa = PBXFileReference; lastKnownFileType = wrapper; path = PolkaVM; sourceTree = "<group>"; };
		06E2B78F2C7304FF00E35A48 /* Codec */ = {isa = PBXFileReference; lastKnownFileType = wrapper; path = Codec; sourceTree = "<group>"; };
		06F2335F2C0B306000A5E2E0 /* Database */ = {isa = PBXFileReference; lastKnownFileType = wrapper; path = Database; sourceTree = "<group>"; };
		06F233602C0C69F100A5E2E0 /* Utils */ = {isa = PBXFileReference; lastKnownFileType = wrapper; path = Utils; sourceTree = "<group>"; };
/* End PBXFileReference section */

/* Begin PBXGroup section */
		066C92652C095CE5005DDE4F = {
			isa = PBXGroup;
			children = (
				06E2B78F2C7304FF00E35A48 /* Codec */,
				064D330E2C632ACC001A5F36 /* RPC */,
				0674602A2C61BF63008FD993 /* TracingUtils */,
				06AAEF0C2C47746C0064995D /* PolkaVM */,
				06F233602C0C69F100A5E2E0 /* Utils */,
				06F2335F2C0B306000A5E2E0 /* Database */,
				066C92702C095D85005DDE4F /* Node */,
				066C926F2C095D76005DDE4F /* Blockchain */,
				066C926E2C095D67005DDE4F /* Boka */,
				063EC59D2C33954600BF1550 /* JAMTests */,
			);
			sourceTree = "<group>";
		};
/* End PBXGroup section */

/* Begin PBXProject section */
		066C92662C095CE5005DDE4F /* Project object */ = {
			isa = PBXProject;
			attributes = {
				BuildIndependentTargetsInParallel = 1;
				LastUpgradeCheck = 1540;
			};
			buildConfigurationList = 066C92692C095CE5005DDE4F /* Build configuration list for PBXProject "boka" */;
			developmentRegion = en;
			hasScannedForEncodings = 0;
			knownRegions = (
				en,
				Base,
			);
			mainGroup = 066C92652C095CE5005DDE4F;
			packageReferences = (
			);
			preferredProjectObjectVersion = 73;
			projectDirPath = "";
			projectRoot = "";
			targets = (
			);
		};
/* End PBXProject section */

/* Begin XCBuildConfiguration section */
		066C926A2C095CE5005DDE4F /* Debug */ = {
			isa = XCBuildConfiguration;
			buildSettings = {
			};
			name = Debug;
		};
		066C926B2C095CE5005DDE4F /* Release */ = {
			isa = XCBuildConfiguration;
			buildSettings = {
			};
			name = Release;
		};
/* End XCBuildConfiguration section */

/* Begin XCConfigurationList section */
		066C92692C095CE5005DDE4F /* Build configuration list for PBXProject "boka" */ = {
			isa = XCConfigurationList;
			buildConfigurations = (
				066C926A2C095CE5005DDE4F /* Debug */,
				066C926B2C095CE5005DDE4F /* Release */,
			);
			defaultConfigurationIsVisible = 0;
			defaultConfigurationName = Release;
		};
/* End XCConfigurationList section */
	};
	rootObject = 066C92662C095CE5005DDE4F /* Project object */;
}
