// !$*UTF8*$!
{
	archiveVersion = 1;
	classes = {
	};
	objectVersion = 60;
	objects = {

/* Begin PBXFileReference section */
		066C926E2C095D67005DDE4F /* Boka */ = {isa = PBXFileReference; lastKnownFileType = wrapper; path = Boka; sourceTree = "<group>"; };
		066C926F2C095D76005DDE4F /* Blockchain */ = {isa = PBXFileReference; lastKnownFileType = wrapper; path = Blockchain; sourceTree = "<group>"; };
		066C92702C095D85005DDE4F /* Node */ = {isa = PBXFileReference; lastKnownFileType = wrapper; path = Node; sourceTree = "<group>"; };
		06F2335F2C0B306000A5E2E0 /* Database */ = {isa = PBXFileReference; lastKnownFileType = wrapper; path = Database; sourceTree = "<group>"; };
/* End PBXFileReference section */

/* Begin PBXGroup section */
		066C92652C095CE5005DDE4F = {
			isa = PBXGroup;
			children = (
				06F2335F2C0B306000A5E2E0 /* Database */,
				066C92702C095D85005DDE4F /* Node */,
				066C926F2C095D76005DDE4F /* Blockchain */,
				066C926E2C095D67005DDE4F /* Boka */,
			);
			sourceTree = "<group>";
		};
/* End PBXGroup section */

/* Begin PBXProject section */
		066C92662C095CE5005DDE4F /* Project object */ = {
			isa = PBXProject;
			attributes = {
				BuildIndependentTargetsInParallel = 1;
				LastUpgradeCheck = 1540;
			};
			buildConfigurationList = 066C92692C095CE5005DDE4F /* Build configuration list for PBXProject "boka" */;
			compatibilityVersion = "Xcode 14.0";
			developmentRegion = en;
			hasScannedForEncodings = 0;
			knownRegions = (
				en,
				Base,
			);
			mainGroup = 066C92652C095CE5005DDE4F;
			packageReferences = (
				066C92772C0B2DF7005DDE4F /* XCLocalSwiftPackageReference "Blockchain" */,
			);
			projectDirPath = "";
			projectRoot = "";
			targets = (
			);
		};
/* End PBXProject section */

/* Begin XCBuildConfiguration section */
		066C926A2C095CE5005DDE4F /* Debug */ = {
			isa = XCBuildConfiguration;
			buildSettings = {
			};
			name = Debug;
		};
		066C926B2C095CE5005DDE4F /* Release */ = {
			isa = XCBuildConfiguration;
			buildSettings = {
			};
			name = Release;
		};
/* End XCBuildConfiguration section */

/* Begin XCConfigurationList section */
		066C92692C095CE5005DDE4F /* Build configuration list for PBXProject "boka" */ = {
			isa = XCConfigurationList;
			buildConfigurations = (
				066C926A2C095CE5005DDE4F /* Debug */,
				066C926B2C095CE5005DDE4F /* Release */,
			);
			defaultConfigurationIsVisible = 0;
			defaultConfigurationName = Release;
		};
/* End XCConfigurationList section */

/* Begin XCLocalSwiftPackageReference section */
		066C92772C0B2DF7005DDE4F /* XCLocalSwiftPackageReference "Blockchain" */ = {
			isa = XCLocalSwiftPackageReference;
			relativePath = Blockchain;
		};
/* End XCLocalSwiftPackageReference section */
	};
	rootObject = 066C92662C095CE5005DDE4F /* Project object */;
}
