{
  "originHash" : "bd5f3f85ebdcb8bf9b1a06c34f5ca494e0d3d3a581cbea4b4d5f75d13d2b0bf1",
  "pins" : [
    {
      "identity" : "swift-syntax",
      "kind" : "remoteSourceControl",
      "location" : "https://github.com/apple/swift-syntax.git",
      "state" : {
        "revision" : "515f79b522918f83483068d99c68daeb5116342d",
        "version" : "600.0.0-prerelease-2024-08-20"
      }
    },
    {
      "identity" : "swift-testing",
      "kind" : "remoteSourceControl",
      "location" : "https://github.com/apple/swift-testing.git",
      "state" : {
        "branch" : "0.10.0",
        "revision" : "69d59cfc76e5daf498ca61f5af409f594768eef9"
      }
    }
  ],
  "version" : 3
}
