{
  "originHash" : "b84da06a8d53bc916d23ca18ab3632ffdb88e648e42a411e3b60c3adc4c82966",
  "pins" : [
    {
      "identity" : "scalecodec.swift",
      "kind" : "remoteSourceControl",
      "location" : "https://github.com/tesseract-one/ScaleCodec.swift.git",
      "state" : {
        "revision" : "af241cfa8491ac0312ff89ff0389c09879d41a74",
        "version" : "0.3.1"
      }
    },
    {
      "identity" : "tuples.swift",
      "kind" : "remoteSourceControl",
      "location" : "https://github.com/tesseract-one/Tuples.swift.git",
      "state" : {
        "revision" : "4d2cf7c64443cdf4df833d0bedd767bf9dbc49d9",
        "version" : "0.1.3"
      }
    }
  ],
  "version" : 3
}
