{
  "originHash" : "20e3a243ff55bca06efe38725567e64612fcf69c4836f7018fbfb322bcf6d466",
  "pins" : [
    {
      "identity" : "scalecodec.swift",
      "kind" : "remoteSourceControl",
      "location" : "https://github.com/tesseract-one/ScaleCodec.swift.git",
      "state" : {
        "revision" : "af241cfa8491ac0312ff89ff0389c09879d41a74",
        "version" : "0.3.1"
      }
    },
    {
      "identity" : "swift-crypto",
      "kind" : "remoteSourceControl",
      "location" : "https://github.com/apple/swift-crypto.git",
      "state" : {
        "revision" : "bc1c29221f6dfeb0ebbfbc98eb95cd3d4967868e",
        "version" : "3.4.0"
      }
    },
    {
      "identity" : "tuples.swift",
      "kind" : "remoteSourceControl",
      "location" : "https://github.com/tesseract-one/Tuples.swift.git",
      "state" : {
        "revision" : "4d2cf7c64443cdf4df833d0bedd767bf9dbc49d9",
        "version" : "0.1.3"
      }
    }
  ],
  "version" : 3
}
