{
  "originHash" : "027931fd6146ff8a703e948ec61abe2a52a77db3285ba4722225d611e17904e6",
  "pins" : [
    {
      "identity" : "swift-syntax",
      "kind" : "remoteSourceControl",
      "location" : "https://github.com/apple/swift-syntax.git",
      "state" : {
        "revision" : "515f79b522918f83483068d99c68daeb5116342d",
        "version" : "600.0.0-prerelease-2024-08-14"
      }
    },
    {
      "identity" : "swift-testing",
      "kind" : "remoteSourceControl",
      "location" : "https://github.com/apple/swift-testing.git",
      "state" : {
        "branch" : "0.10.0",
        "revision" : "69d59cfc76e5daf498ca61f5af409f594768eef9"
      }
    }
  ],
  "version" : 3
}
